
Microsoft Visual Studio Solution File, Format Version 12.00
# Visual Studio Version 16
VisualStudioVersion = 16.0.31605.320
MinimumVisualStudioVersion = 10.0.40219.1
Project("{FAE04EC0-301F-11D3-BF4B-00C04F79EFBC}") = "BlazorContractFormsPoc.Server", "BlazorContractFormsPoc\Server\BlazorContractFormsPoc.Server.csproj", "{DE355474-4218-45E7-B935-4BB8B2E9AA38}"
EndProject
Project("{FAE04EC0-301F-11D3-BF4B-00C04F79EFBC}") = "BlazorContractFormsPoc.Client", "BlazorContractFormsPoc\Client\BlazorContractFormsPoc.Client.csproj", "{91DFE7F5-098C-4F34-92B6-4CF12CE4958D}"
EndProject
Project("{FAE04EC0-301F-11D3-BF4B-00C04F79EFBC}") = "BlazorContractFormsPoc.Shared", "BlazorContractFormsPoc\Shared\BlazorContractFormsPoc.Shared.csproj", "{12B8D1CA-11ED-4666-97B5-052E95BAF542}"
EndProject
Global
	GlobalSection(SolutionConfigurationPlatforms) = preSolution
		Debug|Any CPU = Debug|Any CPU
		Release|Any CPU = Release|Any CPU
	EndGlobalSection
	GlobalSection(ProjectConfigurationPlatforms) = postSolution
		{DE355474-4218-45E7-B935-4BB8B2E9AA38}.Debug|Any CPU.ActiveCfg = Debug|Any CPU
		{DE355474-4218-45E7-B935-4BB8B2E9AA38}.Debug|Any CPU.Build.0 = Debug|Any CPU
		{DE355474-4218-45E7-B935-4BB8B2E9AA38}.Release|Any CPU.ActiveCfg = Release|Any CPU
		{DE355474-4218-45E7-B935-4BB8B2E9AA38}.Release|Any CPU.Build.0 = Release|Any CPU
		{91DFE7F5-098C-4F34-92B6-4CF12CE4958D}.Debug|Any CPU.ActiveCfg = Debug|Any CPU
		{91DFE7F5-098C-4F34-92B6-4CF12CE4958D}.Debug|Any CPU.Build.0 = Debug|Any CPU
		{91DFE7F5-098C-4F34-92B6-4CF12CE4958D}.Release|Any CPU.ActiveCfg = Release|Any CPU
		{91DFE7F5-098C-4F34-92B6-4CF12CE4958D}.Release|Any CPU.Build.0 = Release|Any CPU
		{12B8D1CA-11ED-4666-97B5-052E95BAF542}.Debug|Any CPU.ActiveCfg = Debug|Any CPU
		{12B8D1CA-11ED-4666-97B5-052E95BAF542}.Debug|Any CPU.Build.0 = Debug|Any CPU
		{12B8D1CA-11ED-4666-97B5-052E95BAF542}.Release|Any CPU.ActiveCfg = Release|Any CPU
		{12B8D1CA-11ED-4666-97B5-052E95BAF542}.Release|Any CPU.Build.0 = Release|Any CPU
	EndGlobalSection
	GlobalSection(SolutionProperties) = preSolution
		HideSolutionNode = FALSE
	EndGlobalSection
	GlobalSection(ExtensibilityGlobals) = postSolution
		SolutionGuid = {4C04F3F9-080B-4FE9-B03D-E72F0977F94D}
	EndGlobalSection
EndGlobal
